// !$*UTF8*$!
{
	archiveVersion = 1;
	classes = {
	};
	objectVersion = 50;
	objects = {

/* Begin PBXBuildFile section */
		DC8FDA8426A5BE410088564E /* AppDelegate.swift in Sources */ = {isa = PBXBuildFile; fileRef = DC8FDA8326A5BE410088564E /* AppDelegate.swift */; };
		DC8FDA8626A5BE410088564E /* SceneDelegate.swift in Sources */ = {isa = PBXBuildFile; fileRef = DC8FDA8526A5BE410088564E /* SceneDelegate.swift */; };
		DC8FDA8826A5BE410088564E /* ViewController.swift in Sources */ = {isa = PBXBuildFile; fileRef = DC8FDA8726A5BE410088564E /* ViewController.swift */; };
		DC8FDA8B26A5BE410088564E /* Main.storyboard in Resources */ = {isa = PBXBuildFile; fileRef = DC8FDA8926A5BE410088564E /* Main.storyboard */; };
		DC8FDA8D26A5BE440088564E /* Assets.xcassets in Resources */ = {isa = PBXBuildFile; fileRef = DC8FDA8C26A5BE440088564E /* Assets.xcassets */; };
		DC8FDA9026A5BE440088564E /* LaunchScreen.storyboard in Resources */ = {isa = PBXBuildFile; fileRef = DC8FDA8E26A5BE440088564E /* LaunchScreen.storyboard */; };
/* End PBXBuildFile section */

/* Begin PBXFileReference section */
		DC8FDA8026A5BE410088564E /* Project4-6_ShoppingList.app */ = {isa = PBXFileReference; explicitFileType = wrapper.application; includeInIndex = 0; path = "Project4-6_ShoppingList.app"; sourceTree = BUILT_PRODUCTS_DIR; };
		DC8FDA8326A5BE410088564E /* AppDelegate.swift */ = {isa = PBXFileReference; lastKnownFileType = sourcecode.swift; path = AppDelegate.swift; sourceTree = "<group>"; };
		DC8FDA8526A5BE410088564E /* SceneDelegate.swift */ = {isa = PBXFileReference; lastKnownFileType = sourcecode.swift; path = SceneDelegate.swift; sourceTree = "<group>"; };
		DC8FDA8726A5BE410088564E /* ViewController.swift */ = {isa = PBXFileReference; lastKnownFileType = sourcecode.swift; path = ViewController.swift; sourceTree = "<group>"; };
		DC8FDA8A26A5BE410088564E /* Base */ = {isa = PBXFileReference; lastKnownFileType = file.storyboard; name = Base; path = Base.lproj/Main.storyboard; sourceTree = "<group>"; };
		DC8FDA8C26A5BE440088564E /* Assets.xcassets */ = {isa = PBXFileReference; lastKnownFileType = folder.assetcatalog; path = Assets.xcassets; sourceTree = "<group>"; };
		DC8FDA8F26A5BE440088564E /* Base */ = {isa = PBXFileReference; lastKnownFileType = file.storyboard; name = Base; path = Base.lproj/LaunchScreen.storyboard; sourceTree = "<group>"; };
		DC8FDA9126A5BE440088564E /* Info.plist */ = {isa = PBXFileReference; lastKnownFileType = text.plist.xml; path = Info.plist; sourceTree = "<group>"; };
/* End PBXFileReference section */

/* Begin PBXFrameworksBuildPhase section */
		DC8FDA7D26A5BE410088564E /* Frameworks */ = {
			isa = PBXFrameworksBuildPhase;
			buildActionMask = 2147483647;
			files = (
			);
			runOnlyForDeploymentPostprocessing = 0;
		};
/* End PBXFrameworksBuildPhase section */

/* Begin PBXGroup section */
		DC8FDA7726A5BE410088564E = {
			isa = PBXGroup;
			children = (
				DC8FDA8226A5BE410088564E /* Project4-6_ShoppingList */,
				DC8FDA8126A5BE410088564E /* Products */,
			);
			sourceTree = "<group>";
		};
		DC8FDA8126A5BE410088564E /* Products */ = {
			isa = PBXGroup;
			children = (
				DC8FDA8026A5BE410088564E /* Project4-6_ShoppingList.app */,
			);
			name = Products;
			sourceTree = "<group>";
		};
		DC8FDA8226A5BE410088564E /* Project4-6_ShoppingList */ = {
			isa = PBXGroup;
			children = (
				DC8FDA8326A5BE410088564E /* AppDelegate.swift */,
				DC8FDA8526A5BE410088564E /* SceneDelegate.swift */,
				DC8FDA8726A5BE410088564E /* ViewController.swift */,
				DC8FDA8926A5BE410088564E /* Main.storyboard */,
				DC8FDA8C26A5BE440088564E /* Assets.xcassets */,
				DC8FDA8E26A5BE440088564E /* LaunchScreen.storyboard */,
				DC8FDA9126A5BE440088564E /* Info.plist */,
			);
			path = "Project4-6_ShoppingList";
			sourceTree = "<group>";
		};
/* End PBXGroup section */

/* Begin PBXNativeTarget section */
		DC8FDA7F26A5BE410088564E /* Project4-6_ShoppingList */ = {
			isa = PBXNativeTarget;
			buildConfigurationList = DC8FDA9426A5BE440088564E /* Build configuration list for PBXNativeTarget "Project4-6_ShoppingList" */;
			buildPhases = (
				DC8FDA7C26A5BE410088564E /* Sources */,
				DC8FDA7D26A5BE410088564E /* Frameworks */,
				DC8FDA7E26A5BE410088564E /* Resources */,
			);
			buildRules = (
			);
			dependencies = (
			);
			name = "Project4-6_ShoppingList";
			productName = "Project4-6_ShoppingList";
			productReference = DC8FDA8026A5BE410088564E /* Project4-6_ShoppingList.app */;
			productType = "com.apple.product-type.application";
		};
/* End PBXNativeTarget section */

/* Begin PBXProject section */
		DC8FDA7826A5BE410088564E /* Project object */ = {
			isa = PBXProject;
			attributes = {
				LastSwiftUpdateCheck = 1130;
				LastUpgradeCheck = 1130;
				ORGANIZATIONNAME = "Effrafax Bulwer";
				TargetAttributes = {
					DC8FDA7F26A5BE410088564E = {
						CreatedOnToolsVersion = 11.3.1;
					};
				};
			};
			buildConfigurationList = DC8FDA7B26A5BE410088564E /* Build configuration list for PBXProject "Project4-6_ShoppingList" */;
			compatibilityVersion = "Xcode 9.3";
			developmentRegion = en;
			hasScannedForEncodings = 0;
			knownRegions = (
				en,
				Base,
			);
			mainGroup = DC8FDA7726A5BE410088564E;
			productRefGroup = DC8FDA8126A5BE410088564E /* Products */;
			projectDirPath = "";
			projectRoot = "";
			targets = (
				DC8FDA7F26A5BE410088564E /* Project4-6_ShoppingList */,
			);
		};
/* End PBXProject section */

/* Begin PBXResourcesBuildPhase section */
		DC8FDA7E26A5BE410088564E /* Resources */ = {
			isa = PBXResourcesBuildPhase;
			buildActionMask = 2147483647;
			files = (
				DC8FDA9026A5BE440088564E /* LaunchScreen.storyboard in Resources */,
				DC8FDA8D26A5BE440088564E /* Assets.xcassets in Resources */,
				DC8FDA8B26A5BE410088564E /* Main.storyboard in Resources */,
			);
			runOnlyForDeploymentPostprocessing = 0;
		};
/* End PBXResourcesBuildPhase section */

/* Begin PBXSourcesBuildPhase section */
		DC8FDA7C26A5BE410088564E /* Sources */ = {
			isa = PBXSourcesBuildPhase;
			buildActionMask = 2147483647;
			files = (
				DC8FDA8826A5BE410088564E /* ViewController.swift in Sources */,
				DC8FDA8426A5BE410088564E /* AppDelegate.swift in Sources */,
				DC8FDA8626A5BE410088564E /* SceneDelegate.swift in Sources */,
			);
			runOnlyForDeploymentPostprocessing = 0;
		};
/* End PBXSourcesBuildPhase section */

/* Begin PBXVariantGroup section */
		DC8FDA8926A5BE410088564E /* Main.storyboard */ = {
			isa = PBXVariantGroup;
			children = (
				DC8FDA8A26A5BE410088564E /* Base */,
			);
			name = Main.storyboard;
			sourceTree = "<group>";
		};
		DC8FDA8E26A5BE440088564E /* LaunchScreen.storyboard */ = {
			isa = PBXVariantGroup;
			children = (
				DC8FDA8F26A5BE440088564E /* Base */,
			);
			name = LaunchScreen.storyboard;
			sourceTree = "<group>";
		};
/* End PBXVariantGroup section */

/* Begin XCBuildConfiguration section */
		DC8FDA9226A5BE440088564E /* Debug */ = {
			isa = XCBuildConfiguration;
			buildSettings = {
				ALWAYS_SEARCH_USER_PATHS = NO;
				CLANG_ANALYZER_NONNULL = YES;
				CLANG_ANALYZER_NUMBER_OBJECT_CONVERSION = YES_AGGRESSIVE;
				CLANG_CXX_LANGUAGE_STANDARD = "gnu++14";
				CLANG_CXX_LIBRARY = "libc++";
				CLANG_ENABLE_MODULES = YES;
				CLANG_ENABLE_OBJC_ARC = YES;
				CLANG_ENABLE_OBJC_WEAK = YES;
				CLANG_WARN_BLOCK_CAPTURE_AUTORELEASING = YES;
				CLANG_WARN_BOOL_CONVERSION = YES;
				CLANG_WARN_COMMA = YES;
				CLANG_WARN_CONSTANT_CONVERSION = YES;
				CLANG_WARN_DEPRECATED_OBJC_IMPLEMENTATIONS = YES;
				CLANG_WARN_DIRECT_OBJC_ISA_USAGE = YES_ERROR;
				CLANG_WARN_DOCUMENTATION_COMMENTS = YES;
				CLANG_WARN_EMPTY_BODY = YES;
				CLANG_WARN_ENUM_CONVERSION = YES;
				CLANG_WARN_INFINITE_RECURSION = YES;
				CLANG_WARN_INT_CONVERSION = YES;
				CLANG_WARN_NON_LITERAL_NULL_CONVERSION = YES;
				CLANG_WARN_OBJC_IMPLICIT_RETAIN_SELF = YES;
				CLANG_WARN_OBJC_LITERAL_CONVERSION = YES;
				CLANG_WARN_OBJC_ROOT_CLASS = YES_ERROR;
				CLANG_WARN_RANGE_LOOP_ANALYSIS = YES;
				CLANG_WARN_STRICT_PROTOTYPES = YES;
				CLANG_WARN_SUSPICIOUS_MOVE = YES;
				CLANG_WARN_UNGUARDED_AVAILABILITY = YES_AGGRESSIVE;
				CLANG_WARN_UNREACHABLE_CODE = YES;
				CLANG_WARN__DUPLICATE_METHOD_MATCH = YES;
				COPY_PHASE_STRIP = NO;
				DEBUG_INFORMATION_FORMAT = dwarf;
				ENABLE_STRICT_OBJC_MSGSEND = YES;
				ENABLE_TESTABILITY = YES;
				GCC_C_LANGUAGE_STANDARD = gnu11;
				GCC_DYNAMIC_NO_PIC = NO;
				GCC_NO_COMMON_BLOCKS = YES;
				GCC_OPTIMIZATION_LEVEL = 0;
				GCC_PREPROCESSOR_DEFINITIONS = (
					"DEBUG=1",
					"$(inherited)",
				);
				GCC_WARN_64_TO_32_BIT_CONVERSION = YES;
				GCC_WARN_ABOUT_RETURN_TYPE = YES_ERROR;
				GCC_WARN_UNDECLARED_SELECTOR = YES;
				GCC_WARN_UNINITIALIZED_AUTOS = YES_AGGRESSIVE;
				GCC_WARN_UNUSED_FUNCTION = YES;
				GCC_WARN_UNUSED_VARIABLE = YES;
				IPHONEOS_DEPLOYMENT_TARGET = 13.2;
				MTL_ENABLE_DEBUG_INFO = INCLUDE_SOURCE;
				MTL_FAST_MATH = YES;
				ONLY_ACTIVE_ARCH = YES;
				SDKROOT = iphoneos;
				SWIFT_ACTIVE_COMPILATION_CONDITIONS = DEBUG;
				SWIFT_OPTIMIZATION_LEVEL = "-Onone";
			};
			name = Debug;
		};
		DC8FDA9326A5BE440088564E /* Release */ = {
			isa = XCBuildConfiguration;
			buildSettings = {
				ALWAYS_SEARCH_USER_PATHS = NO;
				CLANG_ANALYZER_NONNULL = YES;
				CLANG_ANALYZER_NUMBER_OBJECT_CONVERSION = YES_AGGRESSIVE;
				CLANG_CXX_LANGUAGE_STANDARD = "gnu++14";
				CLANG_CXX_LIBRARY = "libc++";
				CLANG_ENABLE_MODULES = YES;
				CLANG_ENABLE_OBJC_ARC = YES;
				CLANG_ENABLE_OBJC_WEAK = YES;
				CLANG_WARN_BLOCK_CAPTURE_AUTORELEASING = YES;
				CLANG_WARN_BOOL_CONVERSION = YES;
				CLANG_WARN_COMMA = YES;
				CLANG_WARN_CONSTANT_CONVERSION = YES;
				CLANG_WARN_DEPRECATED_OBJC_IMPLEMENTATIONS = YES;
				CLANG_WARN_DIRECT_OBJC_ISA_USAGE = YES_ERROR;
				CLANG_WARN_DOCUMENTATION_COMMENTS = YES;
				CLANG_WARN_EMPTY_BODY = YES;
				CLANG_WARN_ENUM_CONVERSION = YES;
				CLANG_WARN_INFINITE_RECURSION = YES;
				CLANG_WARN_INT_CONVERSION = YES;
				CLANG_WARN_NON_LITERAL_NULL_CONVERSION = YES;
				CLANG_WARN_OBJC_IMPLICIT_RETAIN_SELF = YES;
				CLANG_WARN_OBJC_LITERAL_CONVERSION = YES;
				CLANG_WARN_OBJC_ROOT_CLASS = YES_ERROR;
				CLANG_WARN_RANGE_LOOP_ANALYSIS = YES;
				CLANG_WARN_STRICT_PROTOTYPES = YES;
				CLANG_WARN_SUSPICIOUS_MOVE = YES;
				CLANG_WARN_UNGUARDED_AVAILABILITY = YES_AGGRESSIVE;
				CLANG_WARN_UNREACHABLE_CODE = YES;
				CLANG_WARN__DUPLICATE_METHOD_MATCH = YES;
				COPY_PHASE_STRIP = NO;
				DEBUG_INFORMATION_FORMAT = "dwarf-with-dsym";
				ENABLE_NS_ASSERTIONS = NO;
				ENABLE_STRICT_OBJC_MSGSEND = YES;
				GCC_C_LANGUAGE_STANDARD = gnu11;
				GCC_NO_COMMON_BLOCKS = YES;
				GCC_WARN_64_TO_32_BIT_CONVERSION = YES;
				GCC_WARN_ABOUT_RETURN_TYPE = YES_ERROR;
				GCC_WARN_UNDECLARED_SELECTOR = YES;
				GCC_WARN_UNINITIALIZED_AUTOS = YES_AGGRESSIVE;
				GCC_WARN_UNUSED_FUNCTION = YES;
				GCC_WARN_UNUSED_VARIABLE = YES;
				IPHONEOS_DEPLOYMENT_TARGET = 13.2;
				MTL_ENABLE_DEBUG_INFO = NO;
				MTL_FAST_MATH = YES;
				SDKROOT = iphoneos;
				SWIFT_COMPILATION_MODE = wholemodule;
				SWIFT_OPTIMIZATION_LEVEL = "-O";
				VALIDATE_PRODUCT = YES;
			};
			name = Release;
		};
		DC8FDA9526A5BE440088564E /* Debug */ = {
			isa = XCBuildConfiguration;
			buildSettings = {
				ASSETCATALOG_COMPILER_APPICON_NAME = AppIcon;
				CODE_SIGN_STYLE = Automatic;
				INFOPLIST_FILE = "Project4-6_ShoppingList/Info.plist";
				LD_RUNPATH_SEARCH_PATHS = (
					"$(inherited)",
					"@executable_path/Frameworks",
				);
				PRODUCT_BUNDLE_IDENTIFIER = "com.ebulwer.Project4-6-ShoppingList";
				PRODUCT_NAME = "$(TARGET_NAME)";
				SWIFT_VERSION = 5.0;
				TARGETED_DEVICE_FAMILY = "1,2";
			};
			name = Debug;
		};
		DC8FDA9626A5BE440088564E /* Release */ = {
			isa = XCBuildConfiguration;
			buildSettings = {
				ASSETCATALOG_COMPILER_APPICON_NAME = AppIcon;
				CODE_SIGN_STYLE = Automatic;
				INFOPLIST_FILE = "Project4-6_ShoppingList/Info.plist";
				LD_RUNPATH_SEARCH_PATHS = (
					"$(inherited)",
					"@executable_path/Frameworks",
				);
				PRODUCT_BUNDLE_IDENTIFIER = "com.ebulwer.Project4-6-ShoppingList";
				PRODUCT_NAME = "$(TARGET_NAME)";
				SWIFT_VERSION = 5.0;
				TARGETED_DEVICE_FAMILY = "1,2";
			};
			name = Release;
		};
/* End XCBuildConfiguration section */

/* Begin XCConfigurationList section */
		DC8FDA7B26A5BE410088564E /* Build configuration list for PBXProject "Project4-6_ShoppingList" */ = {
			isa = XCConfigurationList;
			buildConfigurations = (
				DC8FDA9226A5BE440088564E /* Debug */,
				DC8FDA9326A5BE440088564E /* Release */,
			);
			defaultConfigurationIsVisible = 0;
			defaultConfigurationName = Release;
		};
		DC8FDA9426A5BE440088564E /* Build configuration list for PBXNativeTarget "Project4-6_ShoppingList" */ = {
			isa = XCConfigurationList;
			buildConfigurations = (
				DC8FDA9526A5BE440088564E /* Debug */,
				DC8FDA9626A5BE440088564E /* Release */,
			);
			defaultConfigurationIsVisible = 0;
			defaultConfigurationName = Release;
		};
/* End XCConfigurationList section */
	};
	rootObject = DC8FDA7826A5BE410088564E /* Project object */;
}
